// !$*UTF8*$!
{
	archiveVersion = 1;
	classes = {
	};
	objectVersion = 56;
	objects = {

/* Begin PBXBuildFile section */
		3D316E2B2BA4896200D01DFD /* AppDelegate.swift in Sources */ = {isa = PBXBuildFile; fileRef = 3D316E2A2BA4896200D01DFD /* AppDelegate.swift */; };
		3D316E2D2BA4896200D01DFD /* SceneDelegate.swift in Sources */ = {isa = PBXBuildFile; fileRef = 3D316E2C2BA4896200D01DFD /* SceneDelegate.swift */; };
		3D316E2F2BA4896200D01DFD /* ViewController.swift in Sources */ = {isa = PBXBuildFile; fileRef = 3D316E2E2BA4896200D01DFD /* ViewController.swift */; };
		3D316E322BA4896200D01DFD /* Main.storyboard in Resources */ = {isa = PBXBuildFile; fileRef = 3D316E302BA4896200D01DFD /* Main.storyboard */; };
		3D316E342BA4896300D01DFD /* Assets.xcassets in Resources */ = {isa = PBXBuildFile; fileRef = 3D316E332BA4896300D01DFD /* Assets.xcassets */; };
		3D316E372BA4896300D01DFD /* LaunchScreen.storyboard in Resources */ = {isa = PBXBuildFile; fileRef = 3D316E352BA4896300D01DFD /* LaunchScreen.storyboard */; };
		3D316E422BA4896300D01DFD /* WeatherAppTests.swift in Sources */ = {isa = PBXBuildFile; fileRef = 3D316E412BA4896300D01DFD /* WeatherAppTests.swift */; };
		3D316E4C2BA4896300D01DFD /* WeatherAppUITests.swift in Sources */ = {isa = PBXBuildFile; fileRef = 3D316E4B2BA4896300D01DFD /* WeatherAppUITests.swift */; };
		3D316E4E2BA4896300D01DFD /* WeatherAppUITestsLaunchTests.swift in Sources */ = {isa = PBXBuildFile; fileRef = 3D316E4D2BA4896300D01DFD /* WeatherAppUITestsLaunchTests.swift */; };
		3D316E632BA4974C00D01DFD /* Loc.strings in Resources */ = {isa = PBXBuildFile; fileRef = 3D316E652BA4974C00D01DFD /* Loc.strings */; };
		3D316E6F2BA4986000D01DFD /* Strings+Generated.swift in Sources */ = {isa = PBXBuildFile; fileRef = 3D316E6D2BA4986000D01DFD /* Strings+Generated.swift */; };
		3D316E702BA4986000D01DFD /* Assets+Generated.swift in Sources */ = {isa = PBXBuildFile; fileRef = 3D316E6E2BA4986000D01DFD /* Assets+Generated.swift */; };
		3D316E7C2BA6545300D01DFD /* HttpClient.swift in Sources */ = {isa = PBXBuildFile; fileRef = 3D316E7B2BA6545300D01DFD /* HttpClient.swift */; };
		3D316E7E2BA6545E00D01DFD /* HttpRequest.swift in Sources */ = {isa = PBXBuildFile; fileRef = 3D316E7D2BA6545E00D01DFD /* HttpRequest.swift */; };
		3D316E802BA6547900D01DFD /* HttpMethod.swift in Sources */ = {isa = PBXBuildFile; fileRef = 3D316E7F2BA6547900D01DFD /* HttpMethod.swift */; };
		3D316E822BA6551500D01DFD /* NetworkError.swift in Sources */ = {isa = PBXBuildFile; fileRef = 3D316E812BA6551500D01DFD /* NetworkError.swift */; };
		3D316E842BA6556100D01DFD /* BaseNetworking.swift in Sources */ = {isa = PBXBuildFile; fileRef = 3D316E832BA6556100D01DFD /* BaseNetworking.swift */; };
		3D316E862BA6DB2800D01DFD /* Environment.swift in Sources */ = {isa = PBXBuildFile; fileRef = 3D316E852BA6DB2800D01DFD /* Environment.swift */; };
		3D316E892BA6DBA100D01DFD /* default.json in Resources */ = {isa = PBXBuildFile; fileRef = 3D316E882BA6DBA100D01DFD /* default.json */; };
		3D316E8C2BA6E13700D01DFD /* Data+Extension.swift in Sources */ = {isa = PBXBuildFile; fileRef = 3D316E8B2BA6E13700D01DFD /* Data+Extension.swift */; };
		3D316E8E2BA6E19800D01DFD /* Logger.swift in Sources */ = {isa = PBXBuildFile; fileRef = 3D316E8D2BA6E19800D01DFD /* Logger.swift */; };
/* End PBXBuildFile section */

/* Begin PBXContainerItemProxy section */
		3D316E3E2BA4896300D01DFD /* PBXContainerItemProxy */ = {
			isa = PBXContainerItemProxy;
			containerPortal = 3D316E1F2BA4896200D01DFD /* Project object */;
			proxyType = 1;
			remoteGlobalIDString = 3D316E262BA4896200D01DFD;
			remoteInfo = WeatherApp;
		};
		3D316E482BA4896300D01DFD /* PBXContainerItemProxy */ = {
			isa = PBXContainerItemProxy;
			containerPortal = 3D316E1F2BA4896200D01DFD /* Project object */;
			proxyType = 1;
			remoteGlobalIDString = 3D316E262BA4896200D01DFD;
			remoteInfo = WeatherApp;
		};
/* End PBXContainerItemProxy section */

/* Begin PBXFileReference section */
		3D316E272BA4896200D01DFD /* WeatherApp.app */ = {isa = PBXFileReference; explicitFileType = wrapper.application; includeInIndex = 0; path = WeatherApp.app; sourceTree = BUILT_PRODUCTS_DIR; };
		3D316E2A2BA4896200D01DFD /* AppDelegate.swift */ = {isa = PBXFileReference; lastKnownFileType = sourcecode.swift; path = AppDelegate.swift; sourceTree = "<group>"; };
		3D316E2C2BA4896200D01DFD /* SceneDelegate.swift */ = {isa = PBXFileReference; lastKnownFileType = sourcecode.swift; path = SceneDelegate.swift; sourceTree = "<group>"; };
		3D316E2E2BA4896200D01DFD /* ViewController.swift */ = {isa = PBXFileReference; lastKnownFileType = sourcecode.swift; path = ViewController.swift; sourceTree = "<group>"; };
		3D316E312BA4896200D01DFD /* Base */ = {isa = PBXFileReference; lastKnownFileType = file.storyboard; name = Base; path = Base.lproj/Main.storyboard; sourceTree = "<group>"; };
		3D316E332BA4896300D01DFD /* Assets.xcassets */ = {isa = PBXFileReference; lastKnownFileType = folder.assetcatalog; path = Assets.xcassets; sourceTree = "<group>"; };
		3D316E362BA4896300D01DFD /* Base */ = {isa = PBXFileReference; lastKnownFileType = file.storyboard; name = Base; path = Base.lproj/LaunchScreen.storyboard; sourceTree = "<group>"; };
		3D316E382BA4896300D01DFD /* Info.plist */ = {isa = PBXFileReference; lastKnownFileType = text.plist.xml; path = Info.plist; sourceTree = "<group>"; };
		3D316E3D2BA4896300D01DFD /* WeatherAppTests.xctest */ = {isa = PBXFileReference; explicitFileType = wrapper.cfbundle; includeInIndex = 0; path = WeatherAppTests.xctest; sourceTree = BUILT_PRODUCTS_DIR; };
		3D316E412BA4896300D01DFD /* WeatherAppTests.swift */ = {isa = PBXFileReference; lastKnownFileType = sourcecode.swift; path = WeatherAppTests.swift; sourceTree = "<group>"; };
		3D316E472BA4896300D01DFD /* WeatherAppUITests.xctest */ = {isa = PBXFileReference; explicitFileType = wrapper.cfbundle; includeInIndex = 0; path = WeatherAppUITests.xctest; sourceTree = BUILT_PRODUCTS_DIR; };
		3D316E4B2BA4896300D01DFD /* WeatherAppUITests.swift */ = {isa = PBXFileReference; lastKnownFileType = sourcecode.swift; path = WeatherAppUITests.swift; sourceTree = "<group>"; };
		3D316E4D2BA4896300D01DFD /* WeatherAppUITestsLaunchTests.swift */ = {isa = PBXFileReference; lastKnownFileType = sourcecode.swift; path = WeatherAppUITestsLaunchTests.swift; sourceTree = "<group>"; };
		3D316E642BA4974C00D01DFD /* en */ = {isa = PBXFileReference; lastKnownFileType = text.plist.strings; name = en; path = en.lproj/Loc.strings; sourceTree = "<group>"; };
		3D316E692BA497E800D01DFD /* pl */ = {isa = PBXFileReference; lastKnownFileType = text.plist.strings; name = pl; path = pl.lproj/Loc.strings; sourceTree = "<group>"; };
		3D316E6D2BA4986000D01DFD /* Strings+Generated.swift */ = {isa = PBXFileReference; fileEncoding = 4; lastKnownFileType = sourcecode.swift; path = "Strings+Generated.swift"; sourceTree = "<group>"; };
		3D316E6E2BA4986000D01DFD /* Assets+Generated.swift */ = {isa = PBXFileReference; fileEncoding = 4; lastKnownFileType = sourcecode.swift; path = "Assets+Generated.swift"; sourceTree = "<group>"; };
		3D316E7B2BA6545300D01DFD /* HttpClient.swift */ = {isa = PBXFileReference; lastKnownFileType = sourcecode.swift; path = HttpClient.swift; sourceTree = "<group>"; };
		3D316E7D2BA6545E00D01DFD /* HttpRequest.swift */ = {isa = PBXFileReference; lastKnownFileType = sourcecode.swift; path = HttpRequest.swift; sourceTree = "<group>"; };
		3D316E7F2BA6547900D01DFD /* HttpMethod.swift */ = {isa = PBXFileReference; lastKnownFileType = sourcecode.swift; path = HttpMethod.swift; sourceTree = "<group>"; };
		3D316E812BA6551500D01DFD /* NetworkError.swift */ = {isa = PBXFileReference; lastKnownFileType = sourcecode.swift; path = NetworkError.swift; sourceTree = "<group>"; };
		3D316E832BA6556100D01DFD /* BaseNetworking.swift */ = {isa = PBXFileReference; lastKnownFileType = sourcecode.swift; path = BaseNetworking.swift; sourceTree = "<group>"; };
		3D316E852BA6DB2800D01DFD /* Environment.swift */ = {isa = PBXFileReference; lastKnownFileType = sourcecode.swift; path = Environment.swift; sourceTree = "<group>"; };
		3D316E882BA6DBA100D01DFD /* default.json */ = {isa = PBXFileReference; lastKnownFileType = text.json; path = default.json; sourceTree = "<group>"; };
		3D316E8B2BA6E13700D01DFD /* Data+Extension.swift */ = {isa = PBXFileReference; lastKnownFileType = sourcecode.swift; path = "Data+Extension.swift"; sourceTree = "<group>"; };
		3D316E8D2BA6E19800D01DFD /* Logger.swift */ = {isa = PBXFileReference; lastKnownFileType = sourcecode.swift; path = Logger.swift; sourceTree = "<group>"; };
/* End PBXFileReference section */

/* Begin PBXFrameworksBuildPhase section */
		3D316E242BA4896200D01DFD /* Frameworks */ = {
			isa = PBXFrameworksBuildPhase;
			buildActionMask = 2147483647;
			files = (
			);
			runOnlyForDeploymentPostprocessing = 0;
		};
		3D316E3A2BA4896300D01DFD /* Frameworks */ = {
			isa = PBXFrameworksBuildPhase;
			buildActionMask = 2147483647;
			files = (
			);
			runOnlyForDeploymentPostprocessing = 0;
		};
		3D316E442BA4896300D01DFD /* Frameworks */ = {
			isa = PBXFrameworksBuildPhase;
			buildActionMask = 2147483647;
			files = (
			);
			runOnlyForDeploymentPostprocessing = 0;
		};
/* End PBXFrameworksBuildPhase section */

/* Begin PBXGroup section */
		3D316E1E2BA4896200D01DFD = {
			isa = PBXGroup;
			children = (
				3D316E292BA4896200D01DFD /* WeatherApp */,
				3D316E402BA4896300D01DFD /* WeatherAppTests */,
				3D316E4A2BA4896300D01DFD /* WeatherAppUITests */,
				3D316E282BA4896200D01DFD /* Products */,
			);
			sourceTree = "<group>";
		};
		3D316E282BA4896200D01DFD /* Products */ = {
			isa = PBXGroup;
			children = (
				3D316E272BA4896200D01DFD /* WeatherApp.app */,
				3D316E3D2BA4896300D01DFD /* WeatherAppTests.xctest */,
				3D316E472BA4896300D01DFD /* WeatherAppUITests.xctest */,
			);
			name = Products;
			sourceTree = "<group>";
		};
		3D316E292BA4896200D01DFD /* WeatherApp */ = {
			isa = PBXGroup;
			children = (
				3D316E8A2BA6E12B00D01DFD /* Extensions */,
				3D316E872BA6DB8B00D01DFD /* Configuration */,
				3D316E7A2BA6544900D01DFD /* Networking */,
				3D316E6A2BA4980100D01DFD /* Resources */,
				3D316E602BA4971400D01DFD /* Localizations */,
				3D316E5F2BA496D200D01DFD /* SwiftGen */,
				3D316E2A2BA4896200D01DFD /* AppDelegate.swift */,
				3D316E2C2BA4896200D01DFD /* SceneDelegate.swift */,
				3D316E2E2BA4896200D01DFD /* ViewController.swift */,
				3D316E302BA4896200D01DFD /* Main.storyboard */,
				3D316E332BA4896300D01DFD /* Assets.xcassets */,
				3D316E352BA4896300D01DFD /* LaunchScreen.storyboard */,
				3D316E382BA4896300D01DFD /* Info.plist */,
			);
			path = WeatherApp;
			sourceTree = "<group>";
		};
		3D316E402BA4896300D01DFD /* WeatherAppTests */ = {
			isa = PBXGroup;
			children = (
				3D316E412BA4896300D01DFD /* WeatherAppTests.swift */,
			);
			path = WeatherAppTests;
			sourceTree = "<group>";
		};
		3D316E4A2BA4896300D01DFD /* WeatherAppUITests */ = {
			isa = PBXGroup;
			children = (
				3D316E4B2BA4896300D01DFD /* WeatherAppUITests.swift */,
				3D316E4D2BA4896300D01DFD /* WeatherAppUITestsLaunchTests.swift */,
			);
			path = WeatherAppUITests;
			sourceTree = "<group>";
		};
		3D316E5F2BA496D200D01DFD /* SwiftGen */ = {
			isa = PBXGroup;
			children = (
				3D316E6C2BA4982D00D01DFD /* Generated */,
			);
			path = SwiftGen;
			sourceTree = "<group>";
		};
		3D316E602BA4971400D01DFD /* Localizations */ = {
			isa = PBXGroup;
			children = (
				3D316E652BA4974C00D01DFD /* Loc.strings */,
			);
			path = Localizations;
			sourceTree = "<group>";
		};
		3D316E6A2BA4980100D01DFD /* Resources */ = {
			isa = PBXGroup;
			children = (
			);
			path = Resources;
			sourceTree = "<group>";
		};
		3D316E6C2BA4982D00D01DFD /* Generated */ = {
			isa = PBXGroup;
			children = (
				3D316E6E2BA4986000D01DFD /* Assets+Generated.swift */,
				3D316E6D2BA4986000D01DFD /* Strings+Generated.swift */,
			);
			path = Generated;
			sourceTree = "<group>";
		};
		3D316E7A2BA6544900D01DFD /* Networking */ = {
			isa = PBXGroup;
			children = (
				3D316E7B2BA6545300D01DFD /* HttpClient.swift */,
				3D316E7D2BA6545E00D01DFD /* HttpRequest.swift */,
				3D316E7F2BA6547900D01DFD /* HttpMethod.swift */,
				3D316E812BA6551500D01DFD /* NetworkError.swift */,
				3D316E832BA6556100D01DFD /* BaseNetworking.swift */,
				3D316E852BA6DB2800D01DFD /* Environment.swift */,
			);
			path = Networking;
			sourceTree = "<group>";
		};
		3D316E872BA6DB8B00D01DFD /* Configuration */ = {
			isa = PBXGroup;
			children = (
				3D316E882BA6DBA100D01DFD /* default.json */,
			);
			path = Configuration;
			sourceTree = "<group>";
		};
		3D316E8A2BA6E12B00D01DFD /* Extensions */ = {
			isa = PBXGroup;
			children = (
				3D316E8B2BA6E13700D01DFD /* Data+Extension.swift */,
				3D316E8D2BA6E19800D01DFD /* Logger.swift */,
			);
			path = Extensions;
			sourceTree = "<group>";
		};
/* End PBXGroup section */

/* Begin PBXNativeTarget section */
		3D316E262BA4896200D01DFD /* WeatherApp */ = {
			isa = PBXNativeTarget;
			buildConfigurationList = 3D316E512BA4896300D01DFD /* Build configuration list for PBXNativeTarget "WeatherApp" */;
			buildPhases = (
				3D316E232BA4896200D01DFD /* Sources */,
				3D316E242BA4896200D01DFD /* Frameworks */,
				3D316E252BA4896200D01DFD /* Resources */,
				3D316E5B2BA4908600D01DFD /* SwiftLint */,
			);
			buildRules = (
			);
			dependencies = (
			);
			name = WeatherApp;
			productName = WeatherApp;
			productReference = 3D316E272BA4896200D01DFD /* WeatherApp.app */;
			productType = "com.apple.product-type.application";
		};
		3D316E3C2BA4896300D01DFD /* WeatherAppTests */ = {
			isa = PBXNativeTarget;
			buildConfigurationList = 3D316E542BA4896300D01DFD /* Build configuration list for PBXNativeTarget "WeatherAppTests" */;
			buildPhases = (
				3D316E392BA4896300D01DFD /* Sources */,
				3D316E3A2BA4896300D01DFD /* Frameworks */,
				3D316E3B2BA4896300D01DFD /* Resources */,
			);
			buildRules = (
			);
			dependencies = (
				3D316E3F2BA4896300D01DFD /* PBXTargetDependency */,
			);
			name = WeatherAppTests;
			productName = WeatherAppTests;
			productReference = 3D316E3D2BA4896300D01DFD /* WeatherAppTests.xctest */;
			productType = "com.apple.product-type.bundle.unit-test";
		};
		3D316E462BA4896300D01DFD /* WeatherAppUITests */ = {
			isa = PBXNativeTarget;
			buildConfigurationList = 3D316E572BA4896300D01DFD /* Build configuration list for PBXNativeTarget "WeatherAppUITests" */;
			buildPhases = (
				3D316E432BA4896300D01DFD /* Sources */,
				3D316E442BA4896300D01DFD /* Frameworks */,
				3D316E452BA4896300D01DFD /* Resources */,
			);
			buildRules = (
			);
			dependencies = (
				3D316E492BA4896300D01DFD /* PBXTargetDependency */,
			);
			name = WeatherAppUITests;
			productName = WeatherAppUITests;
			productReference = 3D316E472BA4896300D01DFD /* WeatherAppUITests.xctest */;
			productType = "com.apple.product-type.bundle.ui-testing";
		};
/* End PBXNativeTarget section */

/* Begin PBXProject section */
		3D316E1F2BA4896200D01DFD /* Project object */ = {
			isa = PBXProject;
			attributes = {
				BuildIndependentTargetsInParallel = 1;
				LastSwiftUpdateCheck = 1500;
				LastUpgradeCheck = 1500;
				TargetAttributes = {
					3D316E262BA4896200D01DFD = {
						CreatedOnToolsVersion = 15.0.1;
					};
					3D316E3C2BA4896300D01DFD = {
						CreatedOnToolsVersion = 15.0.1;
						TestTargetID = 3D316E262BA4896200D01DFD;
					};
					3D316E462BA4896300D01DFD = {
						CreatedOnToolsVersion = 15.0.1;
						TestTargetID = 3D316E262BA4896200D01DFD;
					};
				};
			};
			buildConfigurationList = 3D316E222BA4896200D01DFD /* Build configuration list for PBXProject "WeatherApp" */;
			compatibilityVersion = "Xcode 14.0";
			developmentRegion = en;
			hasScannedForEncodings = 0;
			knownRegions = (
				en,
				Base,
				pl,
			);
			mainGroup = 3D316E1E2BA4896200D01DFD;
			productRefGroup = 3D316E282BA4896200D01DFD /* Products */;
			projectDirPath = "";
			projectRoot = "";
			targets = (
				3D316E262BA4896200D01DFD /* WeatherApp */,
				3D316E3C2BA4896300D01DFD /* WeatherAppTests */,
				3D316E462BA4896300D01DFD /* WeatherAppUITests */,
			);
		};
/* End PBXProject section */

/* Begin PBXResourcesBuildPhase section */
		3D316E252BA4896200D01DFD /* Resources */ = {
			isa = PBXResourcesBuildPhase;
			buildActionMask = 2147483647;
			files = (
				3D316E372BA4896300D01DFD /* LaunchScreen.storyboard in Resources */,
				3D316E892BA6DBA100D01DFD /* default.json in Resources */,
				3D316E632BA4974C00D01DFD /* Loc.strings in Resources */,
				3D316E342BA4896300D01DFD /* Assets.xcassets in Resources */,
				3D316E322BA4896200D01DFD /* Main.storyboard in Resources */,
			);
			runOnlyForDeploymentPostprocessing = 0;
		};
		3D316E3B2BA4896300D01DFD /* Resources */ = {
			isa = PBXResourcesBuildPhase;
			buildActionMask = 2147483647;
			files = (
			);
			runOnlyForDeploymentPostprocessing = 0;
		};
		3D316E452BA4896300D01DFD /* Resources */ = {
			isa = PBXResourcesBuildPhase;
			buildActionMask = 2147483647;
			files = (
			);
			runOnlyForDeploymentPostprocessing = 0;
		};
/* End PBXResourcesBuildPhase section */

/* Begin PBXShellScriptBuildPhase section */
		3D316E5B2BA4908600D01DFD /* SwiftLint */ = {
			isa = PBXShellScriptBuildPhase;
			alwaysOutOfDate = 1;
			buildActionMask = 2147483647;
			files = (
			);
			inputFileListPaths = (
			);
			inputPaths = (
			);
			name = SwiftLint;
			outputFileListPaths = (
			);
			outputPaths = (
			);
			runOnlyForDeploymentPostprocessing = 0;
			shellPath = /bin/sh;
			shellScript = "# Type a script or drag a script file from your workspace to insert its path.\nexport PATH=\"$PATH:/opt/homebrew/bin\"\nif which swiftlint >/dev/null; then \n    swiftlint\nelse \n    echo \"Swiftlint not installed\"\nfi\n";
		};
/* End PBXShellScriptBuildPhase section */

/* Begin PBXSourcesBuildPhase section */
		3D316E232BA4896200D01DFD /* Sources */ = {
			isa = PBXSourcesBuildPhase;
			buildActionMask = 2147483647;
			files = (
				3D316E2F2BA4896200D01DFD /* ViewController.swift in Sources */,
				3D316E2B2BA4896200D01DFD /* AppDelegate.swift in Sources */,
				3D316E6F2BA4986000D01DFD /* Strings+Generated.swift in Sources */,
				3D316E702BA4986000D01DFD /* Assets+Generated.swift in Sources */,
				3D316E802BA6547900D01DFD /* HttpMethod.swift in Sources */,
				3D316E8C2BA6E13700D01DFD /* Data+Extension.swift in Sources */,
				3D316E7C2BA6545300D01DFD /* HttpClient.swift in Sources */,
				3D316E822BA6551500D01DFD /* NetworkError.swift in Sources */,
				3D316E862BA6DB2800D01DFD /* Environment.swift in Sources */,
				3D316E8E2BA6E19800D01DFD /* Logger.swift in Sources */,
				3D316E7E2BA6545E00D01DFD /* HttpRequest.swift in Sources */,
				3D316E842BA6556100D01DFD /* BaseNetworking.swift in Sources */,
				3D316E2D2BA4896200D01DFD /* SceneDelegate.swift in Sources */,
			);
			runOnlyForDeploymentPostprocessing = 0;
		};
		3D316E392BA4896300D01DFD /* Sources */ = {
			isa = PBXSourcesBuildPhase;
			buildActionMask = 2147483647;
			files = (
				3D316E422BA4896300D01DFD /* WeatherAppTests.swift in Sources */,
			);
			runOnlyForDeploymentPostprocessing = 0;
		};
		3D316E432BA4896300D01DFD /* Sources */ = {
			isa = PBXSourcesBuildPhase;
			buildActionMask = 2147483647;
			files = (
				3D316E4C2BA4896300D01DFD /* WeatherAppUITests.swift in Sources */,
				3D316E4E2BA4896300D01DFD /* WeatherAppUITestsLaunchTests.swift in Sources */,
			);
			runOnlyForDeploymentPostprocessing = 0;
		};
/* End PBXSourcesBuildPhase section */

/* Begin PBXTargetDependency section */
		3D316E3F2BA4896300D01DFD /* PBXTargetDependency */ = {
			isa = PBXTargetDependency;
			target = 3D316E262BA4896200D01DFD /* WeatherApp */;
			targetProxy = 3D316E3E2BA4896300D01DFD /* PBXContainerItemProxy */;
		};
		3D316E492BA4896300D01DFD /* PBXTargetDependency */ = {
			isa = PBXTargetDependency;
			target = 3D316E262BA4896200D01DFD /* WeatherApp */;
			targetProxy = 3D316E482BA4896300D01DFD /* PBXContainerItemProxy */;
		};
/* End PBXTargetDependency section */

/* Begin PBXVariantGroup section */
		3D316E302BA4896200D01DFD /* Main.storyboard */ = {
			isa = PBXVariantGroup;
			children = (
				3D316E312BA4896200D01DFD /* Base */,
			);
			name = Main.storyboard;
			sourceTree = "<group>";
		};
		3D316E352BA4896300D01DFD /* LaunchScreen.storyboard */ = {
			isa = PBXVariantGroup;
			children = (
				3D316E362BA4896300D01DFD /* Base */,
			);
			name = LaunchScreen.storyboard;
			sourceTree = "<group>";
		};
		3D316E652BA4974C00D01DFD /* Loc.strings */ = {
			isa = PBXVariantGroup;
			children = (
				3D316E642BA4974C00D01DFD /* en */,
				3D316E692BA497E800D01DFD /* pl */,
			);
			name = Loc.strings;
			sourceTree = "<group>";
		};
/* End PBXVariantGroup section */

/* Begin XCBuildConfiguration section */
		3D316E4F2BA4896300D01DFD /* Debug */ = {
			isa = XCBuildConfiguration;
			buildSettings = {
				ALWAYS_SEARCH_USER_PATHS = NO;
				ASSETCATALOG_COMPILER_GENERATE_SWIFT_ASSET_SYMBOL_EXTENSIONS = YES;
				CLANG_ANALYZER_LOCALIZABILITY_NONLOCALIZED = YES;
				CLANG_ANALYZER_NONNULL = YES;
				CLANG_ANALYZER_NUMBER_OBJECT_CONVERSION = YES_AGGRESSIVE;
				CLANG_CXX_LANGUAGE_STANDARD = "gnu++20";
				CLANG_ENABLE_MODULES = YES;
				CLANG_ENABLE_OBJC_ARC = YES;
				CLANG_ENABLE_OBJC_WEAK = YES;
				CLANG_WARN_BLOCK_CAPTURE_AUTORELEASING = YES;
				CLANG_WARN_BOOL_CONVERSION = YES;
				CLANG_WARN_COMMA = YES;
				CLANG_WARN_CONSTANT_CONVERSION = YES;
				CLANG_WARN_DEPRECATED_OBJC_IMPLEMENTATIONS = YES;
				CLANG_WARN_DIRECT_OBJC_ISA_USAGE = YES_ERROR;
				CLANG_WARN_DOCUMENTATION_COMMENTS = YES;
				CLANG_WARN_EMPTY_BODY = YES;
				CLANG_WARN_ENUM_CONVERSION = YES;
				CLANG_WARN_INFINITE_RECURSION = YES;
				CLANG_WARN_INT_CONVERSION = YES;
				CLANG_WARN_NON_LITERAL_NULL_CONVERSION = YES;
				CLANG_WARN_OBJC_IMPLICIT_RETAIN_SELF = YES;
				CLANG_WARN_OBJC_LITERAL_CONVERSION = YES;
				CLANG_WARN_OBJC_ROOT_CLASS = YES_ERROR;
				CLANG_WARN_QUOTED_INCLUDE_IN_FRAMEWORK_HEADER = YES;
				CLANG_WARN_RANGE_LOOP_ANALYSIS = YES;
				CLANG_WARN_STRICT_PROTOTYPES = YES;
				CLANG_WARN_SUSPICIOUS_MOVE = YES;
				CLANG_WARN_UNGUARDED_AVAILABILITY = YES_AGGRESSIVE;
				CLANG_WARN_UNREACHABLE_CODE = YES;
				CLANG_WARN__DUPLICATE_METHOD_MATCH = YES;
				COPY_PHASE_STRIP = NO;
				DEBUG_INFORMATION_FORMAT = dwarf;
				ENABLE_STRICT_OBJC_MSGSEND = YES;
				ENABLE_TESTABILITY = YES;
				ENABLE_USER_SCRIPT_SANDBOXING = YES;
				GCC_C_LANGUAGE_STANDARD = gnu17;
				GCC_DYNAMIC_NO_PIC = NO;
				GCC_NO_COMMON_BLOCKS = YES;
				GCC_OPTIMIZATION_LEVEL = 0;
				GCC_PREPROCESSOR_DEFINITIONS = (
					"DEBUG=1",
					"$(inherited)",
				);
				GCC_WARN_64_TO_32_BIT_CONVERSION = YES;
				GCC_WARN_ABOUT_RETURN_TYPE = YES_ERROR;
				GCC_WARN_UNDECLARED_SELECTOR = YES;
				GCC_WARN_UNINITIALIZED_AUTOS = YES_AGGRESSIVE;
				GCC_WARN_UNUSED_FUNCTION = YES;
				GCC_WARN_UNUSED_VARIABLE = YES;
				IPHONEOS_DEPLOYMENT_TARGET = 17.0;
				LOCALIZATION_PREFERS_STRING_CATALOGS = YES;
				MTL_ENABLE_DEBUG_INFO = INCLUDE_SOURCE;
				MTL_FAST_MATH = YES;
				ONLY_ACTIVE_ARCH = YES;
				SDKROOT = iphoneos;
				SWIFT_ACTIVE_COMPILATION_CONDITIONS = "DEBUG $(inherited)";
				SWIFT_OPTIMIZATION_LEVEL = "-Onone";
			};
			name = Debug;
		};
		3D316E502BA4896300D01DFD /* Release */ = {
			isa = XCBuildConfiguration;
			buildSettings = {
				ALWAYS_SEARCH_USER_PATHS = NO;
				ASSETCATALOG_COMPILER_GENERATE_SWIFT_ASSET_SYMBOL_EXTENSIONS = YES;
				CLANG_ANALYZER_LOCALIZABILITY_NONLOCALIZED = YES;
				CLANG_ANALYZER_NONNULL = YES;
				CLANG_ANALYZER_NUMBER_OBJECT_CONVERSION = YES_AGGRESSIVE;
				CLANG_CXX_LANGUAGE_STANDARD = "gnu++20";
				CLANG_ENABLE_MODULES = YES;
				CLANG_ENABLE_OBJC_ARC = YES;
				CLANG_ENABLE_OBJC_WEAK = YES;
				CLANG_WARN_BLOCK_CAPTURE_AUTORELEASING = YES;
				CLANG_WARN_BOOL_CONVERSION = YES;
				CLANG_WARN_COMMA = YES;
				CLANG_WARN_CONSTANT_CONVERSION = YES;
				CLANG_WARN_DEPRECATED_OBJC_IMPLEMENTATIONS = YES;
				CLANG_WARN_DIRECT_OBJC_ISA_USAGE = YES_ERROR;
				CLANG_WARN_DOCUMENTATION_COMMENTS = YES;
				CLANG_WARN_EMPTY_BODY = YES;
				CLANG_WARN_ENUM_CONVERSION = YES;
				CLANG_WARN_INFINITE_RECURSION = YES;
				CLANG_WARN_INT_CONVERSION = YES;
				CLANG_WARN_NON_LITERAL_NULL_CONVERSION = YES;
				CLANG_WARN_OBJC_IMPLICIT_RETAIN_SELF = YES;
				CLANG_WARN_OBJC_LITERAL_CONVERSION = YES;
				CLANG_WARN_OBJC_ROOT_CLASS = YES_ERROR;
				CLANG_WARN_QUOTED_INCLUDE_IN_FRAMEWORK_HEADER = YES;
				CLANG_WARN_RANGE_LOOP_ANALYSIS = YES;
				CLANG_WARN_STRICT_PROTOTYPES = YES;
				CLANG_WARN_SUSPICIOUS_MOVE = YES;
				CLANG_WARN_UNGUARDED_AVAILABILITY = YES_AGGRESSIVE;
				CLANG_WARN_UNREACHABLE_CODE = YES;
				CLANG_WARN__DUPLICATE_METHOD_MATCH = YES;
				COPY_PHASE_STRIP = NO;
				DEBUG_INFORMATION_FORMAT = "dwarf-with-dsym";
				ENABLE_NS_ASSERTIONS = NO;
				ENABLE_STRICT_OBJC_MSGSEND = YES;
				ENABLE_USER_SCRIPT_SANDBOXING = YES;
				GCC_C_LANGUAGE_STANDARD = gnu17;
				GCC_NO_COMMON_BLOCKS = YES;
				GCC_WARN_64_TO_32_BIT_CONVERSION = YES;
				GCC_WARN_ABOUT_RETURN_TYPE = YES_ERROR;
				GCC_WARN_UNDECLARED_SELECTOR = YES;
				GCC_WARN_UNINITIALIZED_AUTOS = YES_AGGRESSIVE;
				GCC_WARN_UNUSED_FUNCTION = YES;
				GCC_WARN_UNUSED_VARIABLE = YES;
				IPHONEOS_DEPLOYMENT_TARGET = 17.0;
				LOCALIZATION_PREFERS_STRING_CATALOGS = YES;
				MTL_ENABLE_DEBUG_INFO = NO;
				MTL_FAST_MATH = YES;
				SDKROOT = iphoneos;
				SWIFT_COMPILATION_MODE = wholemodule;
				VALIDATE_PRODUCT = YES;
			};
			name = Release;
		};
		3D316E522BA4896300D01DFD /* Debug */ = {
			isa = XCBuildConfiguration;
			buildSettings = {
				ASSETCATALOG_COMPILER_APPICON_NAME = AppIcon;
				ASSETCATALOG_COMPILER_GLOBAL_ACCENT_COLOR_NAME = AccentColor;
				CODE_SIGN_STYLE = Automatic;
				CURRENT_PROJECT_VERSION = 1;
				DEVELOPMENT_TEAM = 7HUC4265N2;
				ENABLE_USER_SCRIPT_SANDBOXING = NO;
				GENERATE_INFOPLIST_FILE = YES;
				INFOPLIST_FILE = WeatherApp/Info.plist;
				INFOPLIST_KEY_UIApplicationSupportsIndirectInputEvents = YES;
				INFOPLIST_KEY_UILaunchStoryboardName = LaunchScreen;
				INFOPLIST_KEY_UIMainStoryboardFile = Main;
				INFOPLIST_KEY_UISupportedInterfaceOrientations_iPad = "UIInterfaceOrientationPortrait UIInterfaceOrientationPortraitUpsideDown UIInterfaceOrientationLandscapeLeft UIInterfaceOrientationLandscapeRight";
				INFOPLIST_KEY_UISupportedInterfaceOrientations_iPhone = "UIInterfaceOrientationPortrait UIInterfaceOrientationLandscapeLeft UIInterfaceOrientationLandscapeRight";
				LD_RUNPATH_SEARCH_PATHS = (
					"$(inherited)",
					"@executable_path/Frameworks",
				);
				MARKETING_VERSION = 1.0;
				PRODUCT_BUNDLE_IDENTIFIER = "com.patryk-jastrzebski.WeatherApp";
				PRODUCT_NAME = "$(TARGET_NAME)";
				SWIFT_EMIT_LOC_STRINGS = YES;
				SWIFT_VERSION = 5.0;
				TARGETED_DEVICE_FAMILY = "1,2";
			};
			name = Debug;
		};
		3D316E532BA4896300D01DFD /* Release */ = {
			isa = XCBuildConfiguration;
			buildSettings = {
				ASSETCATALOG_COMPILER_APPICON_NAME = AppIcon;
				ASSETCATALOG_COMPILER_GLOBAL_ACCENT_COLOR_NAME = AccentColor;
				CODE_SIGN_STYLE = Automatic;
				CURRENT_PROJECT_VERSION = 1;
				DEVELOPMENT_TEAM = 7HUC4265N2;
				ENABLE_USER_SCRIPT_SANDBOXING = NO;
				GENERATE_INFOPLIST_FILE = YES;
				INFOPLIST_FILE = WeatherApp/Info.plist;
				INFOPLIST_KEY_UIApplicationSupportsIndirectInputEvents = YES;
				INFOPLIST_KEY_UILaunchStoryboardName = LaunchScreen;
				INFOPLIST_KEY_UIMainStoryboardFile = Main;
				INFOPLIST_KEY_UISupportedInterfaceOrientations_iPad = "UIInterfaceOrientationPortrait UIInterfaceOrientationPortraitUpsideDown UIInterfaceOrientationLandscapeLeft UIInterfaceOrientationLandscapeRight";
				INFOPLIST_KEY_UISupportedInterfaceOrientations_iPhone = "UIInterfaceOrientationPortrait UIInterfaceOrientationLandscapeLeft UIInterfaceOrientationLandscapeRight";
				LD_RUNPATH_SEARCH_PATHS = (
					"$(inherited)",
					"@executable_path/Frameworks",
				);
				MARKETING_VERSION = 1.0;
				PRODUCT_BUNDLE_IDENTIFIER = "com.patryk-jastrzebski.WeatherApp";
				PRODUCT_NAME = "$(TARGET_NAME)";
				SWIFT_EMIT_LOC_STRINGS = YES;
				SWIFT_VERSION = 5.0;
				TARGETED_DEVICE_FAMILY = "1,2";
			};
			name = Release;
		};
		3D316E552BA4896300D01DFD /* Debug */ = {
			isa = XCBuildConfiguration;
			buildSettings = {
				ALWAYS_EMBED_SWIFT_STANDARD_LIBRARIES = YES;
				BUNDLE_LOADER = "$(TEST_HOST)";
				CODE_SIGN_STYLE = Automatic;
				CURRENT_PROJECT_VERSION = 1;
				DEVELOPMENT_TEAM = 7HUC4265N2;
				GENERATE_INFOPLIST_FILE = YES;
				IPHONEOS_DEPLOYMENT_TARGET = 17.0;
				MARKETING_VERSION = 1.0;
				PRODUCT_BUNDLE_IDENTIFIER = "com.patryk-jastrzebski.WeatherAppTests";
				PRODUCT_NAME = "$(TARGET_NAME)";
				SWIFT_EMIT_LOC_STRINGS = NO;
				SWIFT_VERSION = 5.0;
				TARGETED_DEVICE_FAMILY = "1,2";
				TEST_HOST = "$(BUILT_PRODUCTS_DIR)/WeatherApp.app/$(BUNDLE_EXECUTABLE_FOLDER_PATH)/WeatherApp";
			};
			name = Debug;
		};
		3D316E562BA4896300D01DFD /* Release */ = {
			isa = XCBuildConfiguration;
			buildSettings = {
				ALWAYS_EMBED_SWIFT_STANDARD_LIBRARIES = YES;
				BUNDLE_LOADER = "$(TEST_HOST)";
				CODE_SIGN_STYLE = Automatic;
				CURRENT_PROJECT_VERSION = 1;
				DEVELOPMENT_TEAM = 7HUC4265N2;
				GENERATE_INFOPLIST_FILE = YES;
				IPHONEOS_DEPLOYMENT_TARGET = 17.0;
				MARKETING_VERSION = 1.0;
				PRODUCT_BUNDLE_IDENTIFIER = "com.patryk-jastrzebski.WeatherAppTests";
				PRODUCT_NAME = "$(TARGET_NAME)";
				SWIFT_EMIT_LOC_STRINGS = NO;
				SWIFT_VERSION = 5.0;
				TARGETED_DEVICE_FAMILY = "1,2";
				TEST_HOST = "$(BUILT_PRODUCTS_DIR)/WeatherApp.app/$(BUNDLE_EXECUTABLE_FOLDER_PATH)/WeatherApp";
			};
			name = Release;
		};
		3D316E582BA4896300D01DFD /* Debug */ = {
			isa = XCBuildConfiguration;
			buildSettings = {
				ALWAYS_EMBED_SWIFT_STANDARD_LIBRARIES = YES;
				CODE_SIGN_STYLE = Automatic;
				CURRENT_PROJECT_VERSION = 1;
				DEVELOPMENT_TEAM = 7HUC4265N2;
				GENERATE_INFOPLIST_FILE = YES;
				MARKETING_VERSION = 1.0;
				PRODUCT_BUNDLE_IDENTIFIER = "com.patryk-jastrzebski.WeatherAppUITests";
				PRODUCT_NAME = "$(TARGET_NAME)";
				SWIFT_EMIT_LOC_STRINGS = NO;
				SWIFT_VERSION = 5.0;
				TARGETED_DEVICE_FAMILY = "1,2";
				TEST_TARGET_NAME = WeatherApp;
			};
			name = Debug;
		};
		3D316E592BA4896300D01DFD /* Release */ = {
			isa = XCBuildConfiguration;
			buildSettings = {
				ALWAYS_EMBED_SWIFT_STANDARD_LIBRARIES = YES;
				CODE_SIGN_STYLE = Automatic;
				CURRENT_PROJECT_VERSION = 1;
				DEVELOPMENT_TEAM = 7HUC4265N2;
				GENERATE_INFOPLIST_FILE = YES;
				MARKETING_VERSION = 1.0;
				PRODUCT_BUNDLE_IDENTIFIER = "com.patryk-jastrzebski.WeatherAppUITests";
				PRODUCT_NAME = "$(TARGET_NAME)";
				SWIFT_EMIT_LOC_STRINGS = NO;
				SWIFT_VERSION = 5.0;
				TARGETED_DEVICE_FAMILY = "1,2";
				TEST_TARGET_NAME = WeatherApp;
			};
			name = Release;
		};
/* End XCBuildConfiguration section */

/* Begin XCConfigurationList section */
		3D316E222BA4896200D01DFD /* Build configuration list for PBXProject "WeatherApp" */ = {
			isa = XCConfigurationList;
			buildConfigurations = (
				3D316E4F2BA4896300D01DFD /* Debug */,
				3D316E502BA4896300D01DFD /* Release */,
			);
			defaultConfigurationIsVisible = 0;
			defaultConfigurationName = Release;
		};
		3D316E512BA4896300D01DFD /* Build configuration list for PBXNativeTarget "WeatherApp" */ = {
			isa = XCConfigurationList;
			buildConfigurations = (
				3D316E522BA4896300D01DFD /* Debug */,
				3D316E532BA4896300D01DFD /* Release */,
			);
			defaultConfigurationIsVisible = 0;
			defaultConfigurationName = Release;
		};
		3D316E542BA4896300D01DFD /* Build configuration list for PBXNativeTarget "WeatherAppTests" */ = {
			isa = XCConfigurationList;
			buildConfigurations = (
				3D316E552BA4896300D01DFD /* Debug */,
				3D316E562BA4896300D01DFD /* Release */,
			);
			defaultConfigurationIsVisible = 0;
			defaultConfigurationName = Release;
		};
		3D316E572BA4896300D01DFD /* Build configuration list for PBXNativeTarget "WeatherAppUITests" */ = {
			isa = XCConfigurationList;
			buildConfigurations = (
				3D316E582BA4896300D01DFD /* Debug */,
				3D316E592BA4896300D01DFD /* Release */,
			);
			defaultConfigurationIsVisible = 0;
			defaultConfigurationName = Release;
		};
/* End XCConfigurationList section */
	};
	rootObject = 3D316E1F2BA4896200D01DFD /* Project object */;
}
